
Microsoft Visual Studio Solution File, Format Version 12.00
# Visual Studio 2012
Project("{FAE04EC0-301F-11D3-BF4B-00C04F79EFBC}") = "RssReaderForms", "RssReaderForms\RssReaderForms.csproj", "{E92FF7DE-2DE7-4677-B5CB-D38DAFFE05B4}"
EndProject
Project("{FAE04EC0-301F-11D3-BF4B-00C04F79EFBC}") = "RssReaderForms.Android", "Android\RssReaderForms.Android.csproj", "{E00E46A4-1EE2-497A-8176-F43A7BE6AC9F}"
EndProject
Global
	GlobalSection(SolutionConfigurationPlatforms) = preSolution
		Debug|Any CPU = Debug|Any CPU
		Release|Any CPU = Release|Any CPU
	EndGlobalSection
	GlobalSection(ProjectConfigurationPlatforms) = postSolution
		{E00E46A4-1EE2-497A-8176-F43A7BE6AC9F}.Debug|Any CPU.ActiveCfg = Debug|Any CPU
		{E00E46A4-1EE2-497A-8176-F43A7BE6AC9F}.Debug|Any CPU.Build.0 = Debug|Any CPU
		{E00E46A4-1EE2-497A-8176-F43A7BE6AC9F}.Release|Any CPU.ActiveCfg = Release|Any CPU
		{E00E46A4-1EE2-497A-8176-F43A7BE6AC9F}.Release|Any CPU.Build.0 = Release|Any CPU
		{E92FF7DE-2DE7-4677-B5CB-D38DAFFE05B4}.Debug|Any CPU.ActiveCfg = Debug|Any CPU
		{E92FF7DE-2DE7-4677-B5CB-D38DAFFE05B4}.Debug|Any CPU.Build.0 = Debug|Any CPU
		{E92FF7DE-2DE7-4677-B5CB-D38DAFFE05B4}.Release|Any CPU.ActiveCfg = Release|Any CPU
		{E92FF7DE-2DE7-4677-B5CB-D38DAFFE05B4}.Release|Any CPU.Build.0 = Release|Any CPU
	EndGlobalSection
	GlobalSection(MonoDevelopProperties) = preSolution
		StartupItem = Android\RssReaderForms.Android.csproj
	EndGlobalSection
EndGlobal
